
Microsoft Visual Studio Solution File, Format Version 12.00
# Visual Studio 15
Project("{FAE04EC0-301F-11D3-BF4B-00C04F79EFBC}") = "Home.Classes", "Home.Classes\Home.Classes.csproj", "{545788B5-096E-4113-A426-CC4871B5A7B9}"
EndProject
Project("{2150E333-8FDC-42A3-9474-1A3956D46DE8}") = "Solution Items", "Solution Items", "{A8955839-AA9F-4668-841B-942D491A7D11}"
	ProjectSection(SolutionItems) = preProject
		Jenkinsfile = Jenkinsfile
	EndProjectSection
EndProject
Global
	GlobalSection(SolutionConfigurationPlatforms) = preSolution
		Debug|Any CPU = Debug|Any CPU
		Release|Any CPU = Release|Any CPU
	EndGlobalSection
	GlobalSection(ProjectConfigurationPlatforms) = postSolution
		{545788B5-096E-4113-A426-CC4871B5A7B9}.Debug|Any CPU.ActiveCfg = Debug|Any CPU
		{545788B5-096E-4113-A426-CC4871B5A7B9}.Debug|Any CPU.Build.0 = Debug|Any CPU
		{545788B5-096E-4113-A426-CC4871B5A7B9}.Release|Any CPU.ActiveCfg = Release|Any CPU
		{545788B5-096E-4113-A426-CC4871B5A7B9}.Release|Any CPU.Build.0 = Release|Any CPU
	EndGlobalSection
	GlobalSection(MonoDevelopProperties) = preSolution
		version = 1.0.1
	EndGlobalSection
EndGlobal
